// !$*UTF8*$!
{
	archiveVersion = 1;
	classes = {
	};
	objectVersion = 50;
	objects = {

/* Begin PBXBuildFile section */
		376CE237129D5DFBB1AD14DF /* Pods_MVVMProtocol.framework in Frameworks */ = {isa = PBXBuildFile; fileRef = 88D5170C25B143D57D3CDB12 /* Pods_MVVMProtocol.framework */; };
		87F0453BF67B904D40F98A64 /* Pods_MVVMProtocolTests.framework in Frameworks */ = {isa = PBXBuildFile; fileRef = 083BE75ED38AE85B07325C09 /* Pods_MVVMProtocolTests.framework */; };
		C6329AF5224CC489003B903A /* AppDelegate.swift in Sources */ = {isa = PBXBuildFile; fileRef = C6329AF4224CC489003B903A /* AppDelegate.swift */; };
		C6329AFA224CC489003B903A /* Main.storyboard in Resources */ = {isa = PBXBuildFile; fileRef = C6329AF8224CC489003B903A /* Main.storyboard */; };
		C6329AFC224CC48A003B903A /* Assets.xcassets in Resources */ = {isa = PBXBuildFile; fileRef = C6329AFB224CC48A003B903A /* Assets.xcassets */; };
		C6329AFF224CC48A003B903A /* LaunchScreen.storyboard in Resources */ = {isa = PBXBuildFile; fileRef = C6329AFD224CC48A003B903A /* LaunchScreen.storyboard */; };
		C6329B0A224CC48A003B903A /* MVVMProtocolTests.swift in Sources */ = {isa = PBXBuildFile; fileRef = C6329B09224CC48A003B903A /* MVVMProtocolTests.swift */; };
		C6329B15224CC48A003B903A /* MVVMProtocolUITests.swift in Sources */ = {isa = PBXBuildFile; fileRef = C6329B14224CC48A003B903A /* MVVMProtocolUITests.swift */; };
		C6329B24224CC4A8003B903A /* MVVMProtocol.swift in Sources */ = {isa = PBXBuildFile; fileRef = C6329B23224CC4A8003B903A /* MVVMProtocol.swift */; };
		C66783142256059000E9F06D /* HBModel.swift in Sources */ = {isa = PBXBuildFile; fileRef = C66783132256059000E9F06D /* HBModel.swift */; };
		C6678316225605A300E9F06D /* HBViewModel.swift in Sources */ = {isa = PBXBuildFile; fileRef = C6678315225605A300E9F06D /* HBViewModel.swift */; };
		C6678318225605B000E9F06D /* HBViewController.swift in Sources */ = {isa = PBXBuildFile; fileRef = C6678317225605AF00E9F06D /* HBViewController.swift */; };
		C667831A225605BE00E9F06D /* HBView.swift in Sources */ = {isa = PBXBuildFile; fileRef = C6678319225605BE00E9F06D /* HBView.swift */; };
		C6678320225637AF00E9F06D /* React.swift in Sources */ = {isa = PBXBuildFile; fileRef = C667831F225637AF00E9F06D /* React.swift */; };
		C667832822586A0200E9F06D /* HBViewModelArray.swift in Sources */ = {isa = PBXBuildFile; fileRef = C667832722586A0200E9F06D /* HBViewModelArray.swift */; };
		C667832A22586A2600E9F06D /* HBModelArray.swift in Sources */ = {isa = PBXBuildFile; fileRef = C667832922586A2600E9F06D /* HBModelArray.swift */; };
		F251AD583EA63B0A6C9D125E /* Pods_MVVMProtocolUITests.framework in Frameworks */ = {isa = PBXBuildFile; fileRef = 159C0A4D6C2439775CC8033B /* Pods_MVVMProtocolUITests.framework */; };
/* End PBXBuildFile section */

/* Begin PBXContainerItemProxy section */
		C6329B06224CC48A003B903A /* PBXContainerItemProxy */ = {
			isa = PBXContainerItemProxy;
			containerPortal = C6329AE9224CC489003B903A /* Project object */;
			proxyType = 1;
			remoteGlobalIDString = C6329AF0224CC489003B903A;
			remoteInfo = MVVMProtocol;
		};
		C6329B11224CC48A003B903A /* PBXContainerItemProxy */ = {
			isa = PBXContainerItemProxy;
			containerPortal = C6329AE9224CC489003B903A /* Project object */;
			proxyType = 1;
			remoteGlobalIDString = C6329AF0224CC489003B903A;
			remoteInfo = MVVMProtocol;
		};
/* End PBXContainerItemProxy section */

/* Begin PBXFileReference section */
		083BE75ED38AE85B07325C09 /* Pods_MVVMProtocolTests.framework */ = {isa = PBXFileReference; explicitFileType = wrapper.framework; includeInIndex = 0; path = Pods_MVVMProtocolTests.framework; sourceTree = BUILT_PRODUCTS_DIR; };
		159C0A4D6C2439775CC8033B /* Pods_MVVMProtocolUITests.framework */ = {isa = PBXFileReference; explicitFileType = wrapper.framework; includeInIndex = 0; path = Pods_MVVMProtocolUITests.framework; sourceTree = BUILT_PRODUCTS_DIR; };
		174F5EF7C6629CC735BBB1A2 /* Pods-MVVMProtocolUITests.release.xcconfig */ = {isa = PBXFileReference; includeInIndex = 1; lastKnownFileType = text.xcconfig; name = "Pods-MVVMProtocolUITests.release.xcconfig"; path = "Target Support Files/Pods-MVVMProtocolUITests/Pods-MVVMProtocolUITests.release.xcconfig"; sourceTree = "<group>"; };
		21E2BC96DB2CFD733B977D63 /* Pods-MVVMProtocol.debug.xcconfig */ = {isa = PBXFileReference; includeInIndex = 1; lastKnownFileType = text.xcconfig; name = "Pods-MVVMProtocol.debug.xcconfig"; path = "Target Support Files/Pods-MVVMProtocol/Pods-MVVMProtocol.debug.xcconfig"; sourceTree = "<group>"; };
		87EAF038D4A2106FD8876E67 /* Pods-MVVMProtocol.release.xcconfig */ = {isa = PBXFileReference; includeInIndex = 1; lastKnownFileType = text.xcconfig; name = "Pods-MVVMProtocol.release.xcconfig"; path = "Target Support Files/Pods-MVVMProtocol/Pods-MVVMProtocol.release.xcconfig"; sourceTree = "<group>"; };
		88D5170C25B143D57D3CDB12 /* Pods_MVVMProtocol.framework */ = {isa = PBXFileReference; explicitFileType = wrapper.framework; includeInIndex = 0; path = Pods_MVVMProtocol.framework; sourceTree = BUILT_PRODUCTS_DIR; };
		A3EF09223D9861F08AE2D3B8 /* Pods-MVVMProtocolTests.release.xcconfig */ = {isa = PBXFileReference; includeInIndex = 1; lastKnownFileType = text.xcconfig; name = "Pods-MVVMProtocolTests.release.xcconfig"; path = "Target Support Files/Pods-MVVMProtocolTests/Pods-MVVMProtocolTests.release.xcconfig"; sourceTree = "<group>"; };
		BF5AB29EA2DEEF5038E8BCE0 /* Pods-MVVMProtocolUITests.debug.xcconfig */ = {isa = PBXFileReference; includeInIndex = 1; lastKnownFileType = text.xcconfig; name = "Pods-MVVMProtocolUITests.debug.xcconfig"; path = "Target Support Files/Pods-MVVMProtocolUITests/Pods-MVVMProtocolUITests.debug.xcconfig"; sourceTree = "<group>"; };
		C6329AF1224CC489003B903A /* MVVMProtocol.app */ = {isa = PBXFileReference; explicitFileType = wrapper.application; includeInIndex = 0; path = MVVMProtocol.app; sourceTree = BUILT_PRODUCTS_DIR; };
		C6329AF4224CC489003B903A /* AppDelegate.swift */ = {isa = PBXFileReference; lastKnownFileType = sourcecode.swift; path = AppDelegate.swift; sourceTree = "<group>"; };
		C6329AF9224CC489003B903A /* Base */ = {isa = PBXFileReference; lastKnownFileType = file.storyboard; name = Base; path = Base.lproj/Main.storyboard; sourceTree = "<group>"; };
		C6329AFB224CC48A003B903A /* Assets.xcassets */ = {isa = PBXFileReference; lastKnownFileType = folder.assetcatalog; path = Assets.xcassets; sourceTree = "<group>"; };
		C6329AFE224CC48A003B903A /* Base */ = {isa = PBXFileReference; lastKnownFileType = file.storyboard; name = Base; path = Base.lproj/LaunchScreen.storyboard; sourceTree = "<group>"; };
		C6329B00224CC48A003B903A /* Info.plist */ = {isa = PBXFileReference; lastKnownFileType = text.plist.xml; path = Info.plist; sourceTree = "<group>"; };
		C6329B05224CC48A003B903A /* MVVMProtocolTests.xctest */ = {isa = PBXFileReference; explicitFileType = wrapper.cfbundle; includeInIndex = 0; path = MVVMProtocolTests.xctest; sourceTree = BUILT_PRODUCTS_DIR; };
		C6329B09224CC48A003B903A /* MVVMProtocolTests.swift */ = {isa = PBXFileReference; lastKnownFileType = sourcecode.swift; path = MVVMProtocolTests.swift; sourceTree = "<group>"; };
		C6329B0B224CC48A003B903A /* Info.plist */ = {isa = PBXFileReference; lastKnownFileType = text.plist.xml; path = Info.plist; sourceTree = "<group>"; };
		C6329B10224CC48A003B903A /* MVVMProtocolUITests.xctest */ = {isa = PBXFileReference; explicitFileType = wrapper.cfbundle; includeInIndex = 0; path = MVVMProtocolUITests.xctest; sourceTree = BUILT_PRODUCTS_DIR; };
		C6329B14224CC48A003B903A /* MVVMProtocolUITests.swift */ = {isa = PBXFileReference; lastKnownFileType = sourcecode.swift; path = MVVMProtocolUITests.swift; sourceTree = "<group>"; };
		C6329B16224CC48A003B903A /* Info.plist */ = {isa = PBXFileReference; lastKnownFileType = text.plist.xml; path = Info.plist; sourceTree = "<group>"; };
		C6329B23224CC4A8003B903A /* MVVMProtocol.swift */ = {isa = PBXFileReference; lastKnownFileType = sourcecode.swift; path = MVVMProtocol.swift; sourceTree = "<group>"; };
		C66783132256059000E9F06D /* HBModel.swift */ = {isa = PBXFileReference; lastKnownFileType = sourcecode.swift; path = HBModel.swift; sourceTree = "<group>"; };
		C6678315225605A300E9F06D /* HBViewModel.swift */ = {isa = PBXFileReference; lastKnownFileType = sourcecode.swift; path = HBViewModel.swift; sourceTree = "<group>"; };
		C6678317225605AF00E9F06D /* HBViewController.swift */ = {isa = PBXFileReference; lastKnownFileType = sourcecode.swift; path = HBViewController.swift; sourceTree = "<group>"; };
		C6678319225605BE00E9F06D /* HBView.swift */ = {isa = PBXFileReference; lastKnownFileType = sourcecode.swift; path = HBView.swift; sourceTree = "<group>"; };
		C667831F225637AF00E9F06D /* React.swift */ = {isa = PBXFileReference; lastKnownFileType = sourcecode.swift; path = React.swift; sourceTree = "<group>"; };
		C667832722586A0200E9F06D /* HBViewModelArray.swift */ = {isa = PBXFileReference; lastKnownFileType = sourcecode.swift; path = HBViewModelArray.swift; sourceTree = "<group>"; };
		C667832922586A2600E9F06D /* HBModelArray.swift */ = {isa = PBXFileReference; lastKnownFileType = sourcecode.swift; path = HBModelArray.swift; sourceTree = "<group>"; };
		C79ADED90860E7DC124F8E9D /* Pods-MVVMProtocolTests.debug.xcconfig */ = {isa = PBXFileReference; includeInIndex = 1; lastKnownFileType = text.xcconfig; name = "Pods-MVVMProtocolTests.debug.xcconfig"; path = "Target Support Files/Pods-MVVMProtocolTests/Pods-MVVMProtocolTests.debug.xcconfig"; sourceTree = "<group>"; };
/* End PBXFileReference section */

/* Begin PBXFrameworksBuildPhase section */
		C6329AEE224CC489003B903A /* Frameworks */ = {
			isa = PBXFrameworksBuildPhase;
			buildActionMask = 2147483647;
			files = (
				376CE237129D5DFBB1AD14DF /* Pods_MVVMProtocol.framework in Frameworks */,
			);
			runOnlyForDeploymentPostprocessing = 0;
		};
		C6329B02224CC48A003B903A /* Frameworks */ = {
			isa = PBXFrameworksBuildPhase;
			buildActionMask = 2147483647;
			files = (
				87F0453BF67B904D40F98A64 /* Pods_MVVMProtocolTests.framework in Frameworks */,
			);
			runOnlyForDeploymentPostprocessing = 0;
		};
		C6329B0D224CC48A003B903A /* Frameworks */ = {
			isa = PBXFrameworksBuildPhase;
			buildActionMask = 2147483647;
			files = (
				F251AD583EA63B0A6C9D125E /* Pods_MVVMProtocolUITests.framework in Frameworks */,
			);
			runOnlyForDeploymentPostprocessing = 0;
		};
/* End PBXFrameworksBuildPhase section */

/* Begin PBXGroup section */
		61B64A827D6F27695F0EF103 /* Pods */ = {
			isa = PBXGroup;
			children = (
				21E2BC96DB2CFD733B977D63 /* Pods-MVVMProtocol.debug.xcconfig */,
				87EAF038D4A2106FD8876E67 /* Pods-MVVMProtocol.release.xcconfig */,
				C79ADED90860E7DC124F8E9D /* Pods-MVVMProtocolTests.debug.xcconfig */,
				A3EF09223D9861F08AE2D3B8 /* Pods-MVVMProtocolTests.release.xcconfig */,
				BF5AB29EA2DEEF5038E8BCE0 /* Pods-MVVMProtocolUITests.debug.xcconfig */,
				174F5EF7C6629CC735BBB1A2 /* Pods-MVVMProtocolUITests.release.xcconfig */,
			);
			name = Pods;
			path = Pods;
			sourceTree = "<group>";
		};
		C6329AE8224CC489003B903A = {
			isa = PBXGroup;
			children = (
				C6329AF3224CC489003B903A /* MVVMProtocol */,
				C6329B08224CC48A003B903A /* MVVMProtocolTests */,
				C6329B13224CC48A003B903A /* MVVMProtocolUITests */,
				C6329AF2224CC489003B903A /* Products */,
				61B64A827D6F27695F0EF103 /* Pods */,
				EAFD2CF11210A39FFABB34C6 /* Frameworks */,
			);
			sourceTree = "<group>";
		};
		C6329AF2224CC489003B903A /* Products */ = {
			isa = PBXGroup;
			children = (
				C6329AF1224CC489003B903A /* MVVMProtocol.app */,
				C6329B05224CC48A003B903A /* MVVMProtocolTests.xctest */,
				C6329B10224CC48A003B903A /* MVVMProtocolUITests.xctest */,
			);
			name = Products;
			sourceTree = "<group>";
		};
		C6329AF3224CC489003B903A /* MVVMProtocol */ = {
			isa = PBXGroup;
			children = (
				C66783122256058000E9F06D /* Demo */,
				C6329B22224CC491003B903A /* MVVM */,
				C6329AF4224CC489003B903A /* AppDelegate.swift */,
				C6329AF8224CC489003B903A /* Main.storyboard */,
				C6329AFB224CC48A003B903A /* Assets.xcassets */,
				C6329AFD224CC48A003B903A /* LaunchScreen.storyboard */,
				C6329B00224CC48A003B903A /* Info.plist */,
			);
			path = MVVMProtocol;
			sourceTree = "<group>";
		};
		C6329B08224CC48A003B903A /* MVVMProtocolTests */ = {
			isa = PBXGroup;
			children = (
				C6329B09224CC48A003B903A /* MVVMProtocolTests.swift */,
				C6329B0B224CC48A003B903A /* Info.plist */,
			);
			path = MVVMProtocolTests;
			sourceTree = "<group>";
		};
		C6329B13224CC48A003B903A /* MVVMProtocolUITests */ = {
			isa = PBXGroup;
			children = (
				C6329B14224CC48A003B903A /* MVVMProtocolUITests.swift */,
				C6329B16224CC48A003B903A /* Info.plist */,
			);
			path = MVVMProtocolUITests;
			sourceTree = "<group>";
		};
		C6329B22224CC491003B903A /* MVVM */ = {
			isa = PBXGroup;
			children = (
				C6329B23224CC4A8003B903A /* MVVMProtocol.swift */,
				C667831F225637AF00E9F06D /* React.swift */,
			);
			path = MVVM;
			sourceTree = "<group>";
		};
		C66783122256058000E9F06D /* Demo */ = {
			isa = PBXGroup;
			children = (
				C6678325225869DD00E9F06D /* View */,
				C6678324225869D600E9F06D /* Controller */,
				C6678323225869CC00E9F06D /* ViewModel */,
				C6678322225869B700E9F06D /* Model */,
			);
			path = Demo;
			sourceTree = "<group>";
		};
		C6678322225869B700E9F06D /* Model */ = {
			isa = PBXGroup;
			children = (
				C66783132256059000E9F06D /* HBModel.swift */,
				C667832922586A2600E9F06D /* HBModelArray.swift */,
			);
			path = Model;
			sourceTree = "<group>";
		};
		C6678323225869CC00E9F06D /* ViewModel */ = {
			isa = PBXGroup;
			children = (
				C6678315225605A300E9F06D /* HBViewModel.swift */,
				C667832722586A0200E9F06D /* HBViewModelArray.swift */,
			);
			path = ViewModel;
			sourceTree = "<group>";
		};
		C6678324225869D600E9F06D /* Controller */ = {
			isa = PBXGroup;
			children = (
				C6678317225605AF00E9F06D /* HBViewController.swift */,
			);
			path = Controller;
			sourceTree = "<group>";
		};
		C6678325225869DD00E9F06D /* View */ = {
			isa = PBXGroup;
			children = (
				C6678319225605BE00E9F06D /* HBView.swift */,
			);
			path = View;
			sourceTree = "<group>";
		};
		EAFD2CF11210A39FFABB34C6 /* Frameworks */ = {
			isa = PBXGroup;
			children = (
				88D5170C25B143D57D3CDB12 /* Pods_MVVMProtocol.framework */,
				083BE75ED38AE85B07325C09 /* Pods_MVVMProtocolTests.framework */,
				159C0A4D6C2439775CC8033B /* Pods_MVVMProtocolUITests.framework */,
			);
			name = Frameworks;
			sourceTree = "<group>";
		};
/* End PBXGroup section */

/* Begin PBXNativeTarget section */
		C6329AF0224CC489003B903A /* MVVMProtocol */ = {
			isa = PBXNativeTarget;
			buildConfigurationList = C6329B19224CC48A003B903A /* Build configuration list for PBXNativeTarget "MVVMProtocol" */;
			buildPhases = (
				A08852A7037B18C9B7B5670C /* [CP] Check Pods Manifest.lock */,
				C6329AED224CC489003B903A /* Sources */,
				C6329AEE224CC489003B903A /* Frameworks */,
				C6329AEF224CC489003B903A /* Resources */,
			);
			buildRules = (
			);
			dependencies = (
			);
			name = MVVMProtocol;
			productName = MVVMProtocol;
			productReference = C6329AF1224CC489003B903A /* MVVMProtocol.app */;
			productType = "com.apple.product-type.application";
		};
		C6329B04224CC48A003B903A /* MVVMProtocolTests */ = {
			isa = PBXNativeTarget;
			buildConfigurationList = C6329B1C224CC48A003B903A /* Build configuration list for PBXNativeTarget "MVVMProtocolTests" */;
			buildPhases = (
				F0E06A756F90014D0FAF0B1E /* [CP] Check Pods Manifest.lock */,
				C6329B01224CC48A003B903A /* Sources */,
				C6329B02224CC48A003B903A /* Frameworks */,
				C6329B03224CC48A003B903A /* Resources */,
			);
			buildRules = (
			);
			dependencies = (
				C6329B07224CC48A003B903A /* PBXTargetDependency */,
			);
			name = MVVMProtocolTests;
			productName = MVVMProtocolTests;
			productReference = C6329B05224CC48A003B903A /* MVVMProtocolTests.xctest */;
			productType = "com.apple.product-type.bundle.unit-test";
		};
		C6329B0F224CC48A003B903A /* MVVMProtocolUITests */ = {
			isa = PBXNativeTarget;
			buildConfigurationList = C6329B1F224CC48A003B903A /* Build configuration list for PBXNativeTarget "MVVMProtocolUITests" */;
			buildPhases = (
				6B29C31C554752DF29124F6F /* [CP] Check Pods Manifest.lock */,
				C6329B0C224CC48A003B903A /* Sources */,
				C6329B0D224CC48A003B903A /* Frameworks */,
				C6329B0E224CC48A003B903A /* Resources */,
			);
			buildRules = (
			);
			dependencies = (
				C6329B12224CC48A003B903A /* PBXTargetDependency */,
			);
			name = MVVMProtocolUITests;
			productName = MVVMProtocolUITests;
			productReference = C6329B10224CC48A003B903A /* MVVMProtocolUITests.xctest */;
			productType = "com.apple.product-type.bundle.ui-testing";
		};
/* End PBXNativeTarget section */

/* Begin PBXProject section */
		C6329AE9224CC489003B903A /* Project object */ = {
			isa = PBXProject;
			attributes = {
				LastSwiftUpdateCheck = 1010;
				LastUpgradeCheck = 1010;
				ORGANIZATIONNAME = Hobi;
				TargetAttributes = {
					C6329AF0224CC489003B903A = {
						CreatedOnToolsVersion = 10.1;
					};
					C6329B04224CC48A003B903A = {
						CreatedOnToolsVersion = 10.1;
						TestTargetID = C6329AF0224CC489003B903A;
					};
					C6329B0F224CC48A003B903A = {
						CreatedOnToolsVersion = 10.1;
						TestTargetID = C6329AF0224CC489003B903A;
					};
				};
			};
			buildConfigurationList = C6329AEC224CC489003B903A /* Build configuration list for PBXProject "MVVMProtocol" */;
			compatibilityVersion = "Xcode 9.3";
			developmentRegion = en;
			hasScannedForEncodings = 0;
			knownRegions = (
				en,
				Base,
			);
			mainGroup = C6329AE8224CC489003B903A;
			productRefGroup = C6329AF2224CC489003B903A /* Products */;
			projectDirPath = "";
			projectRoot = "";
			targets = (
				C6329AF0224CC489003B903A /* MVVMProtocol */,
				C6329B04224CC48A003B903A /* MVVMProtocolTests */,
				C6329B0F224CC48A003B903A /* MVVMProtocolUITests */,
			);
		};
/* End PBXProject section */

/* Begin PBXResourcesBuildPhase section */
		C6329AEF224CC489003B903A /* Resources */ = {
			isa = PBXResourcesBuildPhase;
			buildActionMask = 2147483647;
			files = (
				C6329AFF224CC48A003B903A /* LaunchScreen.storyboard in Resources */,
				C6329AFC224CC48A003B903A /* Assets.xcassets in Resources */,
				C6329AFA224CC489003B903A /* Main.storyboard in Resources */,
			);
			runOnlyForDeploymentPostprocessing = 0;
		};
		C6329B03224CC48A003B903A /* Resources */ = {
			isa = PBXResourcesBuildPhase;
			buildActionMask = 2147483647;
			files = (
			);
			runOnlyForDeploymentPostprocessing = 0;
		};
		C6329B0E224CC48A003B903A /* Resources */ = {
			isa = PBXResourcesBuildPhase;
			buildActionMask = 2147483647;
			files = (
			);
			runOnlyForDeploymentPostprocessing = 0;
		};
/* End PBXResourcesBuildPhase section */

/* Begin PBXShellScriptBuildPhase section */
		6B29C31C554752DF29124F6F /* [CP] Check Pods Manifest.lock */ = {
			isa = PBXShellScriptBuildPhase;
			buildActionMask = 2147483647;
			files = (
			);
			inputFileListPaths = (
			);
			inputPaths = (
				"${PODS_PODFILE_DIR_PATH}/Podfile.lock",
				"${PODS_ROOT}/Manifest.lock",
			);
			name = "[CP] Check Pods Manifest.lock";
			outputFileListPaths = (
			);
			outputPaths = (
				"$(DERIVED_FILE_DIR)/Pods-MVVMProtocolUITests-checkManifestLockResult.txt",
			);
			runOnlyForDeploymentPostprocessing = 0;
			shellPath = /bin/sh;
			shellScript = "diff \"${PODS_PODFILE_DIR_PATH}/Podfile.lock\" \"${PODS_ROOT}/Manifest.lock\" > /dev/null\nif [ $? != 0 ] ; then\n    # print error to STDERR\n    echo \"error: The sandbox is not in sync with the Podfile.lock. Run 'pod install' or update your CocoaPods installation.\" >&2\n    exit 1\nfi\n# This output is used by Xcode 'outputs' to avoid re-running this script phase.\necho \"SUCCESS\" > \"${SCRIPT_OUTPUT_FILE_0}\"\n";
			showEnvVarsInLog = 0;
		};
		A08852A7037B18C9B7B5670C /* [CP] Check Pods Manifest.lock */ = {
			isa = PBXShellScriptBuildPhase;
			buildActionMask = 2147483647;
			files = (
			);
			inputFileListPaths = (
			);
			inputPaths = (
				"${PODS_PODFILE_DIR_PATH}/Podfile.lock",
				"${PODS_ROOT}/Manifest.lock",
			);
			name = "[CP] Check Pods Manifest.lock";
			outputFileListPaths = (
			);
			outputPaths = (
				"$(DERIVED_FILE_DIR)/Pods-MVVMProtocol-checkManifestLockResult.txt",
			);
			runOnlyForDeploymentPostprocessing = 0;
			shellPath = /bin/sh;
			shellScript = "diff \"${PODS_PODFILE_DIR_PATH}/Podfile.lock\" \"${PODS_ROOT}/Manifest.lock\" > /dev/null\nif [ $? != 0 ] ; then\n    # print error to STDERR\n    echo \"error: The sandbox is not in sync with the Podfile.lock. Run 'pod install' or update your CocoaPods installation.\" >&2\n    exit 1\nfi\n# This output is used by Xcode 'outputs' to avoid re-running this script phase.\necho \"SUCCESS\" > \"${SCRIPT_OUTPUT_FILE_0}\"\n";
			showEnvVarsInLog = 0;
		};
		F0E06A756F90014D0FAF0B1E /* [CP] Check Pods Manifest.lock */ = {
			isa = PBXShellScriptBuildPhase;
			buildActionMask = 2147483647;
			files = (
			);
			inputFileListPaths = (
			);
			inputPaths = (
				"${PODS_PODFILE_DIR_PATH}/Podfile.lock",
				"${PODS_ROOT}/Manifest.lock",
			);
			name = "[CP] Check Pods Manifest.lock";
			outputFileListPaths = (
			);
			outputPaths = (
				"$(DERIVED_FILE_DIR)/Pods-MVVMProtocolTests-checkManifestLockResult.txt",
			);
			runOnlyForDeploymentPostprocessing = 0;
			shellPath = /bin/sh;
			shellScript = "diff \"${PODS_PODFILE_DIR_PATH}/Podfile.lock\" \"${PODS_ROOT}/Manifest.lock\" > /dev/null\nif [ $? != 0 ] ; then\n    # print error to STDERR\n    echo \"error: The sandbox is not in sync with the Podfile.lock. Run 'pod install' or update your CocoaPods installation.\" >&2\n    exit 1\nfi\n# This output is used by Xcode 'outputs' to avoid re-running this script phase.\necho \"SUCCESS\" > \"${SCRIPT_OUTPUT_FILE_0}\"\n";
			showEnvVarsInLog = 0;
		};
/* End PBXShellScriptBuildPhase section */

/* Begin PBXSourcesBuildPhase section */
		C6329AED224CC489003B903A /* Sources */ = {
			isa = PBXSourcesBuildPhase;
			buildActionMask = 2147483647;
			files = (
				C6329B24224CC4A8003B903A /* MVVMProtocol.swift in Sources */,
				C6678318225605B000E9F06D /* HBViewController.swift in Sources */,
				C667831A225605BE00E9F06D /* HBView.swift in Sources */,
				C667832A22586A2600E9F06D /* HBModelArray.swift in Sources */,
				C66783142256059000E9F06D /* HBModel.swift in Sources */,
				C6678316225605A300E9F06D /* HBViewModel.swift in Sources */,
				C6329AF5224CC489003B903A /* AppDelegate.swift in Sources */,
				C667832822586A0200E9F06D /* HBViewModelArray.swift in Sources */,
				C6678320225637AF00E9F06D /* React.swift in Sources */,
			);
			runOnlyForDeploymentPostprocessing = 0;
		};
		C6329B01224CC48A003B903A /* Sources */ = {
			isa = PBXSourcesBuildPhase;
			buildActionMask = 2147483647;
			files = (
				C6329B0A224CC48A003B903A /* MVVMProtocolTests.swift in Sources */,
			);
			runOnlyForDeploymentPostprocessing = 0;
		};
		C6329B0C224CC48A003B903A /* Sources */ = {
			isa = PBXSourcesBuildPhase;
			buildActionMask = 2147483647;
			files = (
				C6329B15224CC48A003B903A /* MVVMProtocolUITests.swift in Sources */,
			);
			runOnlyForDeploymentPostprocessing = 0;
		};
/* End PBXSourcesBuildPhase section */

/* Begin PBXTargetDependency section */
		C6329B07224CC48A003B903A /* PBXTargetDependency */ = {
			isa = PBXTargetDependency;
			target = C6329AF0224CC489003B903A /* MVVMProtocol */;
			targetProxy = C6329B06224CC48A003B903A /* PBXContainerItemProxy */;
		};
		C6329B12224CC48A003B903A /* PBXTargetDependency */ = {
			isa = PBXTargetDependency;
			target = C6329AF0224CC489003B903A /* MVVMProtocol */;
			targetProxy = C6329B11224CC48A003B903A /* PBXContainerItemProxy */;
		};
/* End PBXTargetDependency section */

/* Begin PBXVariantGroup section */
		C6329AF8224CC489003B903A /* Main.storyboard */ = {
			isa = PBXVariantGroup;
			children = (
				C6329AF9224CC489003B903A /* Base */,
			);
			name = Main.storyboard;
			sourceTree = "<group>";
		};
		C6329AFD224CC48A003B903A /* LaunchScreen.storyboard */ = {
			isa = PBXVariantGroup;
			children = (
				C6329AFE224CC48A003B903A /* Base */,
			);
			name = LaunchScreen.storyboard;
			sourceTree = "<group>";
		};
/* End PBXVariantGroup section */

/* Begin XCBuildConfiguration section */
		C6329B17224CC48A003B903A /* Debug */ = {
			isa = XCBuildConfiguration;
			buildSettings = {
				ALWAYS_SEARCH_USER_PATHS = NO;
				CLANG_ANALYZER_NONNULL = YES;
				CLANG_ANALYZER_NUMBER_OBJECT_CONVERSION = YES_AGGRESSIVE;
				CLANG_CXX_LANGUAGE_STANDARD = "gnu++14";
				CLANG_CXX_LIBRARY = "libc++";
				CLANG_ENABLE_MODULES = YES;
				CLANG_ENABLE_OBJC_ARC = YES;
				CLANG_ENABLE_OBJC_WEAK = YES;
				CLANG_WARN_BLOCK_CAPTURE_AUTORELEASING = YES;
				CLANG_WARN_BOOL_CONVERSION = YES;
				CLANG_WARN_COMMA = YES;
				CLANG_WARN_CONSTANT_CONVERSION = YES;
				CLANG_WARN_DEPRECATED_OBJC_IMPLEMENTATIONS = YES;
				CLANG_WARN_DIRECT_OBJC_ISA_USAGE = YES_ERROR;
				CLANG_WARN_DOCUMENTATION_COMMENTS = YES;
				CLANG_WARN_EMPTY_BODY = YES;
				CLANG_WARN_ENUM_CONVERSION = YES;
				CLANG_WARN_INFINITE_RECURSION = YES;
				CLANG_WARN_INT_CONVERSION = YES;
				CLANG_WARN_NON_LITERAL_NULL_CONVERSION = YES;
				CLANG_WARN_OBJC_IMPLICIT_RETAIN_SELF = YES;
				CLANG_WARN_OBJC_LITERAL_CONVERSION = YES;
				CLANG_WARN_OBJC_ROOT_CLASS = YES_ERROR;
				CLANG_WARN_RANGE_LOOP_ANALYSIS = YES;
				CLANG_WARN_STRICT_PROTOTYPES = YES;
				CLANG_WARN_SUSPICIOUS_MOVE = YES;
				CLANG_WARN_UNGUARDED_AVAILABILITY = YES_AGGRESSIVE;
				CLANG_WARN_UNREACHABLE_CODE = YES;
				CLANG_WARN__DUPLICATE_METHOD_MATCH = YES;
				CODE_SIGN_IDENTITY = "iPhone Developer";
				COPY_PHASE_STRIP = NO;
				DEBUG_INFORMATION_FORMAT = dwarf;
				ENABLE_STRICT_OBJC_MSGSEND = YES;
				ENABLE_TESTABILITY = YES;
				GCC_C_LANGUAGE_STANDARD = gnu11;
				GCC_DYNAMIC_NO_PIC = NO;
				GCC_NO_COMMON_BLOCKS = YES;
				GCC_OPTIMIZATION_LEVEL = 0;
				GCC_PREPROCESSOR_DEFINITIONS = (
					"DEBUG=1",
					"$(inherited)",
				);
				GCC_WARN_64_TO_32_BIT_CONVERSION = YES;
				GCC_WARN_ABOUT_RETURN_TYPE = YES_ERROR;
				GCC_WARN_UNDECLARED_SELECTOR = YES;
				GCC_WARN_UNINITIALIZED_AUTOS = YES_AGGRESSIVE;
				GCC_WARN_UNUSED_FUNCTION = YES;
				GCC_WARN_UNUSED_VARIABLE = YES;
				IPHONEOS_DEPLOYMENT_TARGET = 12.1;
				MTL_ENABLE_DEBUG_INFO = INCLUDE_SOURCE;
				MTL_FAST_MATH = YES;
				ONLY_ACTIVE_ARCH = YES;
				SDKROOT = iphoneos;
				SWIFT_ACTIVE_COMPILATION_CONDITIONS = DEBUG;
				SWIFT_OPTIMIZATION_LEVEL = "-Onone";
			};
			name = Debug;
		};
		C6329B18224CC48A003B903A /* Release */ = {
			isa = XCBuildConfiguration;
			buildSettings = {
				ALWAYS_SEARCH_USER_PATHS = NO;
				CLANG_ANALYZER_NONNULL = YES;
				CLANG_ANALYZER_NUMBER_OBJECT_CONVERSION = YES_AGGRESSIVE;
				CLANG_CXX_LANGUAGE_STANDARD = "gnu++14";
				CLANG_CXX_LIBRARY = "libc++";
				CLANG_ENABLE_MODULES = YES;
				CLANG_ENABLE_OBJC_ARC = YES;
				CLANG_ENABLE_OBJC_WEAK = YES;
				CLANG_WARN_BLOCK_CAPTURE_AUTORELEASING = YES;
				CLANG_WARN_BOOL_CONVERSION = YES;
				CLANG_WARN_COMMA = YES;
				CLANG_WARN_CONSTANT_CONVERSION = YES;
				CLANG_WARN_DEPRECATED_OBJC_IMPLEMENTATIONS = YES;
				CLANG_WARN_DIRECT_OBJC_ISA_USAGE = YES_ERROR;
				CLANG_WARN_DOCUMENTATION_COMMENTS = YES;
				CLANG_WARN_EMPTY_BODY = YES;
				CLANG_WARN_ENUM_CONVERSION = YES;
				CLANG_WARN_INFINITE_RECURSION = YES;
				CLANG_WARN_INT_CONVERSION = YES;
				CLANG_WARN_NON_LITERAL_NULL_CONVERSION = YES;
				CLANG_WARN_OBJC_IMPLICIT_RETAIN_SELF = YES;
				CLANG_WARN_OBJC_LITERAL_CONVERSION = YES;
				CLANG_WARN_OBJC_ROOT_CLASS = YES_ERROR;
				CLANG_WARN_RANGE_LOOP_ANALYSIS = YES;
				CLANG_WARN_STRICT_PROTOTYPES = YES;
				CLANG_WARN_SUSPICIOUS_MOVE = YES;
				CLANG_WARN_UNGUARDED_AVAILABILITY = YES_AGGRESSIVE;
				CLANG_WARN_UNREACHABLE_CODE = YES;
				CLANG_WARN__DUPLICATE_METHOD_MATCH = YES;
				CODE_SIGN_IDENTITY = "iPhone Developer";
				COPY_PHASE_STRIP = NO;
				DEBUG_INFORMATION_FORMAT = "dwarf-with-dsym";
				ENABLE_NS_ASSERTIONS = NO;
				ENABLE_STRICT_OBJC_MSGSEND = YES;
				GCC_C_LANGUAGE_STANDARD = gnu11;
				GCC_NO_COMMON_BLOCKS = YES;
				GCC_WARN_64_TO_32_BIT_CONVERSION = YES;
				GCC_WARN_ABOUT_RETURN_TYPE = YES_ERROR;
				GCC_WARN_UNDECLARED_SELECTOR = YES;
				GCC_WARN_UNINITIALIZED_AUTOS = YES_AGGRESSIVE;
				GCC_WARN_UNUSED_FUNCTION = YES;
				GCC_WARN_UNUSED_VARIABLE = YES;
				IPHONEOS_DEPLOYMENT_TARGET = 12.1;
				MTL_ENABLE_DEBUG_INFO = NO;
				MTL_FAST_MATH = YES;
				SDKROOT = iphoneos;
				SWIFT_COMPILATION_MODE = wholemodule;
				SWIFT_OPTIMIZATION_LEVEL = "-O";
				VALIDATE_PRODUCT = YES;
			};
			name = Release;
		};
		C6329B1A224CC48A003B903A /* Debug */ = {
			isa = XCBuildConfiguration;
			baseConfigurationReference = 21E2BC96DB2CFD733B977D63 /* Pods-MVVMProtocol.debug.xcconfig */;
			buildSettings = {
				ASSETCATALOG_COMPILER_APPICON_NAME = AppIcon;
				CODE_SIGN_STYLE = Automatic;
				INFOPLIST_FILE = MVVMProtocol/Info.plist;
				LD_RUNPATH_SEARCH_PATHS = (
					"$(inherited)",
					"@executable_path/Frameworks",
				);
				PRODUCT_BUNDLE_IDENTIFIER = Hobi.MVVMProtocol;
				PRODUCT_NAME = "$(TARGET_NAME)";
				SWIFT_VERSION = 4.2;
				TARGETED_DEVICE_FAMILY = "1,2";
			};
			name = Debug;
		};
		C6329B1B224CC48A003B903A /* Release */ = {
			isa = XCBuildConfiguration;
			baseConfigurationReference = 87EAF038D4A2106FD8876E67 /* Pods-MVVMProtocol.release.xcconfig */;
			buildSettings = {
				ASSETCATALOG_COMPILER_APPICON_NAME = AppIcon;
				CODE_SIGN_STYLE = Automatic;
				INFOPLIST_FILE = MVVMProtocol/Info.plist;
				LD_RUNPATH_SEARCH_PATHS = (
					"$(inherited)",
					"@executable_path/Frameworks",
				);
				PRODUCT_BUNDLE_IDENTIFIER = Hobi.MVVMProtocol;
				PRODUCT_NAME = "$(TARGET_NAME)";
				SWIFT_VERSION = 4.2;
				TARGETED_DEVICE_FAMILY = "1,2";
			};
			name = Release;
		};
		C6329B1D224CC48A003B903A /* Debug */ = {
			isa = XCBuildConfiguration;
			baseConfigurationReference = C79ADED90860E7DC124F8E9D /* Pods-MVVMProtocolTests.debug.xcconfig */;
			buildSettings = {
				ALWAYS_EMBED_SWIFT_STANDARD_LIBRARIES = YES;
				BUNDLE_LOADER = "$(TEST_HOST)";
				CODE_SIGN_STYLE = Automatic;
				INFOPLIST_FILE = MVVMProtocolTests/Info.plist;
				LD_RUNPATH_SEARCH_PATHS = (
					"$(inherited)",
					"@executable_path/Frameworks",
					"@loader_path/Frameworks",
				);
				PRODUCT_BUNDLE_IDENTIFIER = Hobi.MVVMProtocolTests;
				PRODUCT_NAME = "$(TARGET_NAME)";
				SWIFT_VERSION = 4.2;
				TARGETED_DEVICE_FAMILY = "1,2";
				TEST_HOST = "$(BUILT_PRODUCTS_DIR)/MVVMProtocol.app/MVVMProtocol";
			};
			name = Debug;
		};
		C6329B1E224CC48A003B903A /* Release */ = {
			isa = XCBuildConfiguration;
			baseConfigurationReference = A3EF09223D9861F08AE2D3B8 /* Pods-MVVMProtocolTests.release.xcconfig */;
			buildSettings = {
				ALWAYS_EMBED_SWIFT_STANDARD_LIBRARIES = YES;
				BUNDLE_LOADER = "$(TEST_HOST)";
				CODE_SIGN_STYLE = Automatic;
				INFOPLIST_FILE = MVVMProtocolTests/Info.plist;
				LD_RUNPATH_SEARCH_PATHS = (
					"$(inherited)",
					"@executable_path/Frameworks",
					"@loader_path/Frameworks",
				);
				PRODUCT_BUNDLE_IDENTIFIER = Hobi.MVVMProtocolTests;
				PRODUCT_NAME = "$(TARGET_NAME)";
				SWIFT_VERSION = 4.2;
				TARGETED_DEVICE_FAMILY = "1,2";
				TEST_HOST = "$(BUILT_PRODUCTS_DIR)/MVVMProtocol.app/MVVMProtocol";
			};
			name = Release;
		};
		C6329B20224CC48A003B903A /* Debug */ = {
			isa = XCBuildConfiguration;
			baseConfigurationReference = BF5AB29EA2DEEF5038E8BCE0 /* Pods-MVVMProtocolUITests.debug.xcconfig */;
			buildSettings = {
				ALWAYS_EMBED_SWIFT_STANDARD_LIBRARIES = YES;
				CODE_SIGN_STYLE = Automatic;
				INFOPLIST_FILE = MVVMProtocolUITests/Info.plist;
				LD_RUNPATH_SEARCH_PATHS = (
					"$(inherited)",
					"@executable_path/Frameworks",
					"@loader_path/Frameworks",
				);
				PRODUCT_BUNDLE_IDENTIFIER = Hobi.MVVMProtocolUITests;
				PRODUCT_NAME = "$(TARGET_NAME)";
				SWIFT_VERSION = 4.2;
				TARGETED_DEVICE_FAMILY = "1,2";
				TEST_TARGET_NAME = MVVMProtocol;
			};
			name = Debug;
		};
		C6329B21224CC48A003B903A /* Release */ = {
			isa = XCBuildConfiguration;
			baseConfigurationReference = 174F5EF7C6629CC735BBB1A2 /* Pods-MVVMProtocolUITests.release.xcconfig */;
			buildSettings = {
				ALWAYS_EMBED_SWIFT_STANDARD_LIBRARIES = YES;
				CODE_SIGN_STYLE = Automatic;
				INFOPLIST_FILE = MVVMProtocolUITests/Info.plist;
				LD_RUNPATH_SEARCH_PATHS = (
					"$(inherited)",
					"@executable_path/Frameworks",
					"@loader_path/Frameworks",
				);
				PRODUCT_BUNDLE_IDENTIFIER = Hobi.MVVMProtocolUITests;
				PRODUCT_NAME = "$(TARGET_NAME)";
				SWIFT_VERSION = 4.2;
				TARGETED_DEVICE_FAMILY = "1,2";
				TEST_TARGET_NAME = MVVMProtocol;
			};
			name = Release;
		};
/* End XCBuildConfiguration section */

/* Begin XCConfigurationList section */
		C6329AEC224CC489003B903A /* Build configuration list for PBXProject "MVVMProtocol" */ = {
			isa = XCConfigurationList;
			buildConfigurations = (
				C6329B17224CC48A003B903A /* Debug */,
				C6329B18224CC48A003B903A /* Release */,
			);
			defaultConfigurationIsVisible = 0;
			defaultConfigurationName = Release;
		};
		C6329B19224CC48A003B903A /* Build configuration list for PBXNativeTarget "MVVMProtocol" */ = {
			isa = XCConfigurationList;
			buildConfigurations = (
				C6329B1A224CC48A003B903A /* Debug */,
				C6329B1B224CC48A003B903A /* Release */,
			);
			defaultConfigurationIsVisible = 0;
			defaultConfigurationName = Release;
		};
		C6329B1C224CC48A003B903A /* Build configuration list for PBXNativeTarget "MVVMProtocolTests" */ = {
			isa = XCConfigurationList;
			buildConfigurations = (
				C6329B1D224CC48A003B903A /* Debug */,
				C6329B1E224CC48A003B903A /* Release */,
			);
			defaultConfigurationIsVisible = 0;
			defaultConfigurationName = Release;
		};
		C6329B1F224CC48A003B903A /* Build configuration list for PBXNativeTarget "MVVMProtocolUITests" */ = {
			isa = XCConfigurationList;
			buildConfigurations = (
				C6329B20224CC48A003B903A /* Debug */,
				C6329B21224CC48A003B903A /* Release */,
			);
			defaultConfigurationIsVisible = 0;
			defaultConfigurationName = Release;
		};
/* End XCConfigurationList section */
	};
	rootObject = C6329AE9224CC489003B903A /* Project object */;
}
